// !$*UTF8*$!
{
	archiveVersion = 1;
	classes = {
	};
	objectVersion = 56;
	objects = {

/* Begin PBXBuildFile section */
		5548ED8B2BFA962D00E4CBF2 /* LogInView.swift in Sources */ = {isa = PBXBuildFile; fileRef = 5548ED8A2BFA962C00E4CBF2 /* LogInView.swift */; };
		5548ED8D2BFA963800E4CBF2 /* LogInViewModel.swift in Sources */ = {isa = PBXBuildFile; fileRef = 5548ED8C2BFA963800E4CBF2 /* LogInViewModel.swift */; };
		5548ED8F2BFA965100E4CBF2 /* SignUpView.swift in Sources */ = {isa = PBXBuildFile; fileRef = 5548ED8E2BFA965100E4CBF2 /* SignUpView.swift */; };
		5548ED912BFA965C00E4CBF2 /* SignUpViewModel.swift in Sources */ = {isa = PBXBuildFile; fileRef = 5548ED902BFA965C00E4CBF2 /* SignUpViewModel.swift */; };
		5548ED932BFA966E00E4CBF2 /* ExploreView.swift in Sources */ = {isa = PBXBuildFile; fileRef = 5548ED922BFA966E00E4CBF2 /* ExploreView.swift */; };
		5548ED952BFA967700E4CBF2 /* ExploreViewModel.swift in Sources */ = {isa = PBXBuildFile; fileRef = 5548ED942BFA967700E4CBF2 /* ExploreViewModel.swift */; };
		5548ED972BFA968500E4CBF2 /* FavouritesView.swift in Sources */ = {isa = PBXBuildFile; fileRef = 5548ED962BFA968500E4CBF2 /* FavouritesView.swift */; };
		5548ED992BFA969800E4CBF2 /* FavourtiesViewModel.swift in Sources */ = {isa = PBXBuildFile; fileRef = 5548ED982BFA969800E4CBF2 /* FavourtiesViewModel.swift */; };
		5548ED9B2BFA96A000E4CBF2 /* ChatView.swift in Sources */ = {isa = PBXBuildFile; fileRef = 5548ED9A2BFA96A000E4CBF2 /* ChatView.swift */; };
		5548ED9D2BFA96AC00E4CBF2 /* ChatViewModel.swift in Sources */ = {isa = PBXBuildFile; fileRef = 5548ED9C2BFA96AC00E4CBF2 /* ChatViewModel.swift */; };
		5548EDA12BFA96EB00E4CBF2 /* ChatWindowView.swift in Sources */ = {isa = PBXBuildFile; fileRef = 5548EDA02BFA96EB00E4CBF2 /* ChatWindowView.swift */; };
		5548EDA32BFA96FC00E4CBF2 /* ChatWindowViewModel.swift in Sources */ = {isa = PBXBuildFile; fileRef = 5548EDA22BFA96FC00E4CBF2 /* ChatWindowViewModel.swift */; };
		5548EDA52BFA970700E4CBF2 /* ProfileView.swift in Sources */ = {isa = PBXBuildFile; fileRef = 5548EDA42BFA970700E4CBF2 /* ProfileView.swift */; };
		5548EDA72BFA971500E4CBF2 /* ProfileVIewModel.swift in Sources */ = {isa = PBXBuildFile; fileRef = 5548EDA62BFA971500E4CBF2 /* ProfileVIewModel.swift */; };
		5548EDA92BFA972000E4CBF2 /* AddHomeVIew.swift in Sources */ = {isa = PBXBuildFile; fileRef = 5548EDA82BFA972000E4CBF2 /* AddHomeVIew.swift */; };
		5548EDAB2BFA972800E4CBF2 /* AddHomeViewModel.swift in Sources */ = {isa = PBXBuildFile; fileRef = 5548EDAA2BFA972800E4CBF2 /* AddHomeViewModel.swift */; };
		5548EDAD2BFA973800E4CBF2 /* FirestoreUtils.swift in Sources */ = {isa = PBXBuildFile; fileRef = 5548EDAC2BFA973800E4CBF2 /* FirestoreUtils.swift */; };
		5548EDAF2BFA974300E4CBF2 /* ExploreDetailsView.swift in Sources */ = {isa = PBXBuildFile; fileRef = 5548EDAE2BFA974300E4CBF2 /* ExploreDetailsView.swift */; };
		5548EDB12BFA974D00E4CBF2 /* ExploreDetailsViewModel.swift in Sources */ = {isa = PBXBuildFile; fileRef = 5548EDB02BFA974D00E4CBF2 /* ExploreDetailsViewModel.swift */; };
		5548EDB32BFA975400E4CBF2 /* MapView.swift in Sources */ = {isa = PBXBuildFile; fileRef = 5548EDB22BFA975400E4CBF2 /* MapView.swift */; };
		5548EDB52BFA975D00E4CBF2 /* MapViewModel.swift in Sources */ = {isa = PBXBuildFile; fileRef = 5548EDB42BFA975D00E4CBF2 /* MapViewModel.swift */; };
		5548EDB82BFA9EDE00E4CBF2 /* User.swift in Sources */ = {isa = PBXBuildFile; fileRef = 5548EDB72BFA9EDE00E4CBF2 /* User.swift */; };
		5548EDBA2BFA9EE800E4CBF2 /* Home.swift in Sources */ = {isa = PBXBuildFile; fileRef = 5548EDB92BFA9EE800E4CBF2 /* Home.swift */; };
		5548EDBC2BFA9EFB00E4CBF2 /* Message.swift in Sources */ = {isa = PBXBuildFile; fileRef = 5548EDBB2BFA9EFB00E4CBF2 /* Message.swift */; };
		55CED72D2BFB508A0064EC52 /* HomeView.swift in Sources */ = {isa = PBXBuildFile; fileRef = 55CED72C2BFB508A0064EC52 /* HomeView.swift */; };
		55CED72F2BFB736C0064EC52 /* AnimalInfo.swift in Sources */ = {isa = PBXBuildFile; fileRef = 55CED72E2BFB736C0064EC52 /* AnimalInfo.swift */; };
		55CED7312BFB82E90064EC52 /* SearchBarView.swift in Sources */ = {isa = PBXBuildFile; fileRef = 55CED7302BFB82E90064EC52 /* SearchBarView.swift */; };
		55CED7332BFB83010064EC52 /* FilterBarView.swift in Sources */ = {isa = PBXBuildFile; fileRef = 55CED7322BFB83010064EC52 /* FilterBarView.swift */; };
		55CED7352BFB83260064EC52 /* HomeListView.swift in Sources */ = {isa = PBXBuildFile; fileRef = 55CED7342BFB83260064EC52 /* HomeListView.swift */; };
		5D036D0A2BF4B96D008D2C7A /* PetBnBApp.swift in Sources */ = {isa = PBXBuildFile; fileRef = 5D036D092BF4B96D008D2C7A /* PetBnBApp.swift */; };
		5D036D0C2BF4B96D008D2C7A /* ContentView.swift in Sources */ = {isa = PBXBuildFile; fileRef = 5D036D0B2BF4B96D008D2C7A /* ContentView.swift */; };
		5D036D0E2BF4B970008D2C7A /* Assets.xcassets in Resources */ = {isa = PBXBuildFile; fileRef = 5D036D0D2BF4B970008D2C7A /* Assets.xcassets */; };
		5D036D112BF4B970008D2C7A /* Preview Assets.xcassets in Resources */ = {isa = PBXBuildFile; fileRef = 5D036D102BF4B970008D2C7A /* Preview Assets.xcassets */; };
		5D036D1B2BF4B970008D2C7A /* PetBnBTests.swift in Sources */ = {isa = PBXBuildFile; fileRef = 5D036D1A2BF4B970008D2C7A /* PetBnBTests.swift */; };
		5D036D252BF4B970008D2C7A /* PetBnBUITests.swift in Sources */ = {isa = PBXBuildFile; fileRef = 5D036D242BF4B970008D2C7A /* PetBnBUITests.swift */; };
		5D036D272BF4B970008D2C7A /* PetBnBUITestsLaunchTests.swift in Sources */ = {isa = PBXBuildFile; fileRef = 5D036D262BF4B970008D2C7A /* PetBnBUITestsLaunchTests.swift */; };
		5D08B27D2BF628F000F41D38 /* FirebaseAuth in Frameworks */ = {isa = PBXBuildFile; productRef = 5D08B27C2BF628F000F41D38 /* FirebaseAuth */; };
		5D08B27F2BF628F000F41D38 /* FirebaseFirestore in Frameworks */ = {isa = PBXBuildFile; productRef = 5D08B27E2BF628F000F41D38 /* FirebaseFirestore */; };
		5D08B2812BF628F000F41D38 /* FirebaseFirestoreSwift in Frameworks */ = {isa = PBXBuildFile; productRef = 5D08B2802BF628F000F41D38 /* FirebaseFirestoreSwift */; };
		5D08B2872BF62D5D00F41D38 /* GoogleService-Info.plist in Resources */ = {isa = PBXBuildFile; fileRef = 5D08B2862BF62D5D00F41D38 /* GoogleService-Info.plist */; };
		A904C6142BFCC68E004C0116 /* AnimalSectionView.swift in Sources */ = {isa = PBXBuildFile; fileRef = A904C6132BFCC68D004C0116 /* AnimalSectionView.swift */; };
		A904C6182BFCD2BB004C0116 /* HomeSectionView.swift in Sources */ = {isa = PBXBuildFile; fileRef = A904C6172BFCD2BB004C0116 /* HomeSectionView.swift */; };
/* End PBXBuildFile section */

/* Begin PBXContainerItemProxy section */
		5D036D172BF4B970008D2C7A /* PBXContainerItemProxy */ = {
			isa = PBXContainerItemProxy;
			containerPortal = 5D036CFE2BF4B96D008D2C7A /* Project object */;
			proxyType = 1;
			remoteGlobalIDString = 5D036D052BF4B96D008D2C7A;
			remoteInfo = PetBnB;
		};
		5D036D212BF4B970008D2C7A /* PBXContainerItemProxy */ = {
			isa = PBXContainerItemProxy;
			containerPortal = 5D036CFE2BF4B96D008D2C7A /* Project object */;
			proxyType = 1;
			remoteGlobalIDString = 5D036D052BF4B96D008D2C7A;
			remoteInfo = PetBnB;
		};
/* End PBXContainerItemProxy section */

/* Begin PBXFileReference section */
		5548ED8A2BFA962C00E4CBF2 /* LogInView.swift */ = {isa = PBXFileReference; lastKnownFileType = sourcecode.swift; path = LogInView.swift; sourceTree = "<group>"; };
		5548ED8C2BFA963800E4CBF2 /* LogInViewModel.swift */ = {isa = PBXFileReference; lastKnownFileType = sourcecode.swift; path = LogInViewModel.swift; sourceTree = "<group>"; };
		5548ED8E2BFA965100E4CBF2 /* SignUpView.swift */ = {isa = PBXFileReference; lastKnownFileType = sourcecode.swift; path = SignUpView.swift; sourceTree = "<group>"; };
		5548ED902BFA965C00E4CBF2 /* SignUpViewModel.swift */ = {isa = PBXFileReference; lastKnownFileType = sourcecode.swift; path = SignUpViewModel.swift; sourceTree = "<group>"; };
		5548ED922BFA966E00E4CBF2 /* ExploreView.swift */ = {isa = PBXFileReference; lastKnownFileType = sourcecode.swift; path = ExploreView.swift; sourceTree = "<group>"; };
		5548ED942BFA967700E4CBF2 /* ExploreViewModel.swift */ = {isa = PBXFileReference; lastKnownFileType = sourcecode.swift; path = ExploreViewModel.swift; sourceTree = "<group>"; };
		5548ED962BFA968500E4CBF2 /* FavouritesView.swift */ = {isa = PBXFileReference; lastKnownFileType = sourcecode.swift; path = FavouritesView.swift; sourceTree = "<group>"; };
		5548ED982BFA969800E4CBF2 /* FavourtiesViewModel.swift */ = {isa = PBXFileReference; lastKnownFileType = sourcecode.swift; path = FavourtiesViewModel.swift; sourceTree = "<group>"; };
		5548ED9A2BFA96A000E4CBF2 /* ChatView.swift */ = {isa = PBXFileReference; lastKnownFileType = sourcecode.swift; path = ChatView.swift; sourceTree = "<group>"; };
		5548ED9C2BFA96AC00E4CBF2 /* ChatViewModel.swift */ = {isa = PBXFileReference; lastKnownFileType = sourcecode.swift; path = ChatViewModel.swift; sourceTree = "<group>"; };
		5548EDA02BFA96EB00E4CBF2 /* ChatWindowView.swift */ = {isa = PBXFileReference; lastKnownFileType = sourcecode.swift; path = ChatWindowView.swift; sourceTree = "<group>"; };
		5548EDA22BFA96FC00E4CBF2 /* ChatWindowViewModel.swift */ = {isa = PBXFileReference; lastKnownFileType = sourcecode.swift; path = ChatWindowViewModel.swift; sourceTree = "<group>"; };
		5548EDA42BFA970700E4CBF2 /* ProfileView.swift */ = {isa = PBXFileReference; lastKnownFileType = sourcecode.swift; path = ProfileView.swift; sourceTree = "<group>"; };
		5548EDA62BFA971500E4CBF2 /* ProfileVIewModel.swift */ = {isa = PBXFileReference; lastKnownFileType = sourcecode.swift; path = ProfileVIewModel.swift; sourceTree = "<group>"; };
		5548EDA82BFA972000E4CBF2 /* AddHomeVIew.swift */ = {isa = PBXFileReference; lastKnownFileType = sourcecode.swift; path = AddHomeVIew.swift; sourceTree = "<group>"; };
		5548EDAA2BFA972800E4CBF2 /* AddHomeViewModel.swift */ = {isa = PBXFileReference; lastKnownFileType = sourcecode.swift; path = AddHomeViewModel.swift; sourceTree = "<group>"; };
		5548EDAC2BFA973800E4CBF2 /* FirestoreUtils.swift */ = {isa = PBXFileReference; lastKnownFileType = sourcecode.swift; path = FirestoreUtils.swift; sourceTree = "<group>"; };
		5548EDAE2BFA974300E4CBF2 /* ExploreDetailsView.swift */ = {isa = PBXFileReference; lastKnownFileType = sourcecode.swift; path = ExploreDetailsView.swift; sourceTree = "<group>"; };
		5548EDB02BFA974D00E4CBF2 /* ExploreDetailsViewModel.swift */ = {isa = PBXFileReference; lastKnownFileType = sourcecode.swift; path = ExploreDetailsViewModel.swift; sourceTree = "<group>"; };
		5548EDB22BFA975400E4CBF2 /* MapView.swift */ = {isa = PBXFileReference; lastKnownFileType = sourcecode.swift; path = MapView.swift; sourceTree = "<group>"; };
		5548EDB42BFA975D00E4CBF2 /* MapViewModel.swift */ = {isa = PBXFileReference; lastKnownFileType = sourcecode.swift; path = MapViewModel.swift; sourceTree = "<group>"; };
		5548EDB72BFA9EDE00E4CBF2 /* User.swift */ = {isa = PBXFileReference; lastKnownFileType = sourcecode.swift; path = User.swift; sourceTree = "<group>"; };
		5548EDB92BFA9EE800E4CBF2 /* Home.swift */ = {isa = PBXFileReference; lastKnownFileType = sourcecode.swift; path = Home.swift; sourceTree = "<group>"; };
		5548EDBB2BFA9EFB00E4CBF2 /* Message.swift */ = {isa = PBXFileReference; lastKnownFileType = sourcecode.swift; path = Message.swift; sourceTree = "<group>"; };
		55CED72C2BFB508A0064EC52 /* HomeView.swift */ = {isa = PBXFileReference; lastKnownFileType = sourcecode.swift; path = HomeView.swift; sourceTree = "<group>"; };
		55CED72E2BFB736C0064EC52 /* AnimalInfo.swift */ = {isa = PBXFileReference; lastKnownFileType = sourcecode.swift; path = AnimalInfo.swift; sourceTree = "<group>"; };
		55CED7302BFB82E90064EC52 /* SearchBarView.swift */ = {isa = PBXFileReference; lastKnownFileType = sourcecode.swift; path = SearchBarView.swift; sourceTree = "<group>"; };
		55CED7322BFB83010064EC52 /* FilterBarView.swift */ = {isa = PBXFileReference; lastKnownFileType = sourcecode.swift; path = FilterBarView.swift; sourceTree = "<group>"; };
		55CED7342BFB83260064EC52 /* HomeListView.swift */ = {isa = PBXFileReference; lastKnownFileType = sourcecode.swift; path = HomeListView.swift; sourceTree = "<group>"; };
		5D036D062BF4B96D008D2C7A /* PetBnB.app */ = {isa = PBXFileReference; explicitFileType = wrapper.application; includeInIndex = 0; path = PetBnB.app; sourceTree = BUILT_PRODUCTS_DIR; };
		5D036D092BF4B96D008D2C7A /* PetBnBApp.swift */ = {isa = PBXFileReference; lastKnownFileType = sourcecode.swift; path = PetBnBApp.swift; sourceTree = "<group>"; };
		5D036D0B2BF4B96D008D2C7A /* ContentView.swift */ = {isa = PBXFileReference; lastKnownFileType = sourcecode.swift; path = ContentView.swift; sourceTree = "<group>"; };
		5D036D0D2BF4B970008D2C7A /* Assets.xcassets */ = {isa = PBXFileReference; lastKnownFileType = folder.assetcatalog; path = Assets.xcassets; sourceTree = "<group>"; };
		5D036D102BF4B970008D2C7A /* Preview Assets.xcassets */ = {isa = PBXFileReference; lastKnownFileType = folder.assetcatalog; path = "Preview Assets.xcassets"; sourceTree = "<group>"; };
		5D036D162BF4B970008D2C7A /* PetBnBTests.xctest */ = {isa = PBXFileReference; explicitFileType = wrapper.cfbundle; includeInIndex = 0; path = PetBnBTests.xctest; sourceTree = BUILT_PRODUCTS_DIR; };
		5D036D1A2BF4B970008D2C7A /* PetBnBTests.swift */ = {isa = PBXFileReference; lastKnownFileType = sourcecode.swift; path = PetBnBTests.swift; sourceTree = "<group>"; };
		5D036D202BF4B970008D2C7A /* PetBnBUITests.xctest */ = {isa = PBXFileReference; explicitFileType = wrapper.cfbundle; includeInIndex = 0; path = PetBnBUITests.xctest; sourceTree = BUILT_PRODUCTS_DIR; };
		5D036D242BF4B970008D2C7A /* PetBnBUITests.swift */ = {isa = PBXFileReference; lastKnownFileType = sourcecode.swift; path = PetBnBUITests.swift; sourceTree = "<group>"; };
		5D036D262BF4B970008D2C7A /* PetBnBUITestsLaunchTests.swift */ = {isa = PBXFileReference; lastKnownFileType = sourcecode.swift; path = PetBnBUITestsLaunchTests.swift; sourceTree = "<group>"; };
		5D08B2862BF62D5D00F41D38 /* GoogleService-Info.plist */ = {isa = PBXFileReference; fileEncoding = 4; lastKnownFileType = text.plist.xml; path = "GoogleService-Info.plist"; sourceTree = "<group>"; };
		A904C6132BFCC68D004C0116 /* AnimalSectionView.swift */ = {isa = PBXFileReference; lastKnownFileType = sourcecode.swift; path = AnimalSectionView.swift; sourceTree = "<group>"; };
		A904C6172BFCD2BB004C0116 /* HomeSectionView.swift */ = {isa = PBXFileReference; lastKnownFileType = sourcecode.swift; path = HomeSectionView.swift; sourceTree = "<group>"; };
/* End PBXFileReference section */

/* Begin PBXFrameworksBuildPhase section */
		5D036D032BF4B96D008D2C7A /* Frameworks */ = {
			isa = PBXFrameworksBuildPhase;
			buildActionMask = 2147483647;
			files = (
				5D08B27D2BF628F000F41D38 /* FirebaseAuth in Frameworks */,
				5D08B27F2BF628F000F41D38 /* FirebaseFirestore in Frameworks */,
				5D08B2812BF628F000F41D38 /* FirebaseFirestoreSwift in Frameworks */,
			);
			runOnlyForDeploymentPostprocessing = 0;
		};
		5D036D132BF4B970008D2C7A /* Frameworks */ = {
			isa = PBXFrameworksBuildPhase;
			buildActionMask = 2147483647;
			files = (
			);
			runOnlyForDeploymentPostprocessing = 0;
		};
		5D036D1D2BF4B970008D2C7A /* Frameworks */ = {
			isa = PBXFrameworksBuildPhase;
			buildActionMask = 2147483647;
			files = (
			);
			runOnlyForDeploymentPostprocessing = 0;
		};
/* End PBXFrameworksBuildPhase section */

/* Begin PBXGroup section */
		5548ED812BFA946B00E4CBF2 /* Explore */ = {
			isa = PBXGroup;
			children = (
				5548ED922BFA966E00E4CBF2 /* ExploreView.swift */,
				5548ED942BFA967700E4CBF2 /* ExploreViewModel.swift */,
				55CED72C2BFB508A0064EC52 /* HomeView.swift */,
				55CED7302BFB82E90064EC52 /* SearchBarView.swift */,
				55CED7322BFB83010064EC52 /* FilterBarView.swift */,
				55CED7342BFB83260064EC52 /* HomeListView.swift */,
			);
			path = Explore;
			sourceTree = "<group>";
		};
		5548ED822BFA947800E4CBF2 /* LogIn */ = {
			isa = PBXGroup;
			children = (
				5548ED8A2BFA962C00E4CBF2 /* LogInView.swift */,
				5548ED8C2BFA963800E4CBF2 /* LogInViewModel.swift */,
				5548ED8E2BFA965100E4CBF2 /* SignUpView.swift */,
				5548ED902BFA965C00E4CBF2 /* SignUpViewModel.swift */,
			);
			path = LogIn;
			sourceTree = "<group>";
		};
		5548ED832BFA949800E4CBF2 /* Favourites */ = {
			isa = PBXGroup;
			children = (
				5548ED962BFA968500E4CBF2 /* FavouritesView.swift */,
				5548ED982BFA969800E4CBF2 /* FavourtiesViewModel.swift */,
			);
			path = Favourites;
			sourceTree = "<group>";
		};
		5548ED842BFA949F00E4CBF2 /* Chat */ = {
			isa = PBXGroup;
			children = (
				5548ED9A2BFA96A000E4CBF2 /* ChatView.swift */,
				5548ED9C2BFA96AC00E4CBF2 /* ChatViewModel.swift */,
				5548EDA02BFA96EB00E4CBF2 /* ChatWindowView.swift */,
				5548EDA22BFA96FC00E4CBF2 /* ChatWindowViewModel.swift */,
			);
			path = Chat;
			sourceTree = "<group>";
		};
		5548ED852BFA94A800E4CBF2 /* Profile */ = {
			isa = PBXGroup;
			children = (
				5548EDA42BFA970700E4CBF2 /* ProfileView.swift */,
				5548EDA62BFA971500E4CBF2 /* ProfileVIewModel.swift */,
			);
			path = Profile;
			sourceTree = "<group>";
		};
		5548ED862BFA94BD00E4CBF2 /* AddHome */ = {
			isa = PBXGroup;
			children = (
				5548EDA82BFA972000E4CBF2 /* AddHomeVIew.swift */,
				A904C6172BFCD2BB004C0116 /* HomeSectionView.swift */,
				5548EDAA2BFA972800E4CBF2 /* AddHomeViewModel.swift */,
				A904C6132BFCC68D004C0116 /* AnimalSectionView.swift */,
			);
			path = AddHome;
			sourceTree = "<group>";
		};
		5548ED872BFA94C300E4CBF2 /* Utils */ = {
			isa = PBXGroup;
			children = (
				5548EDAC2BFA973800E4CBF2 /* FirestoreUtils.swift */,
			);
			path = Utils;
			sourceTree = "<group>";
		};
		5548ED882BFA94C800E4CBF2 /* ExploreDetails */ = {
			isa = PBXGroup;
			children = (
				5548EDAE2BFA974300E4CBF2 /* ExploreDetailsView.swift */,
				5548EDB02BFA974D00E4CBF2 /* ExploreDetailsViewModel.swift */,
			);
			path = ExploreDetails;
			sourceTree = "<group>";
		};
		5548ED892BFA94DB00E4CBF2 /* Map */ = {
			isa = PBXGroup;
			children = (
				5548EDB22BFA975400E4CBF2 /* MapView.swift */,
				5548EDB42BFA975D00E4CBF2 /* MapViewModel.swift */,
			);
			path = Map;
			sourceTree = "<group>";
		};
		5548EDB62BFA9ED000E4CBF2 /* Models */ = {
			isa = PBXGroup;
			children = (
				5548EDB72BFA9EDE00E4CBF2 /* User.swift */,
				5548EDB92BFA9EE800E4CBF2 /* Home.swift */,
				5548EDBB2BFA9EFB00E4CBF2 /* Message.swift */,
				55CED72E2BFB736C0064EC52 /* AnimalInfo.swift */,
			);
			path = Models;
			sourceTree = "<group>";
		};
		5D036CFD2BF4B96D008D2C7A = {
			isa = PBXGroup;
			children = (
				5D036D082BF4B96D008D2C7A /* PetBnB */,
				5D036D192BF4B970008D2C7A /* PetBnBTests */,
				5D036D232BF4B970008D2C7A /* PetBnBUITests */,
				5D036D072BF4B96D008D2C7A /* Products */,
			);
			sourceTree = "<group>";
		};
		5D036D072BF4B96D008D2C7A /* Products */ = {
			isa = PBXGroup;
			children = (
				5D036D062BF4B96D008D2C7A /* PetBnB.app */,
				5D036D162BF4B970008D2C7A /* PetBnBTests.xctest */,
				5D036D202BF4B970008D2C7A /* PetBnBUITests.xctest */,
			);
			name = Products;
			sourceTree = "<group>";
		};
		5D036D082BF4B96D008D2C7A /* PetBnB */ = {
			isa = PBXGroup;
			children = (
				5548EDB62BFA9ED000E4CBF2 /* Models */,
				5548ED892BFA94DB00E4CBF2 /* Map */,
				5548ED882BFA94C800E4CBF2 /* ExploreDetails */,
				5548ED872BFA94C300E4CBF2 /* Utils */,
				5548ED862BFA94BD00E4CBF2 /* AddHome */,
				5548ED852BFA94A800E4CBF2 /* Profile */,
				5548ED842BFA949F00E4CBF2 /* Chat */,
				5548ED832BFA949800E4CBF2 /* Favourites */,
				5548ED822BFA947800E4CBF2 /* LogIn */,
				5548ED812BFA946B00E4CBF2 /* Explore */,
				5D08B2862BF62D5D00F41D38 /* GoogleService-Info.plist */,
				5D036D092BF4B96D008D2C7A /* PetBnBApp.swift */,
				5D036D0B2BF4B96D008D2C7A /* ContentView.swift */,
				5D036D0D2BF4B970008D2C7A /* Assets.xcassets */,
				5D036D0F2BF4B970008D2C7A /* Preview Content */,
			);
			path = PetBnB;
			sourceTree = "<group>";
		};
		5D036D0F2BF4B970008D2C7A /* Preview Content */ = {
			isa = PBXGroup;
			children = (
				5D036D102BF4B970008D2C7A /* Preview Assets.xcassets */,
			);
			path = "Preview Content";
			sourceTree = "<group>";
		};
		5D036D192BF4B970008D2C7A /* PetBnBTests */ = {
			isa = PBXGroup;
			children = (
				5D036D1A2BF4B970008D2C7A /* PetBnBTests.swift */,
			);
			path = PetBnBTests;
			sourceTree = "<group>";
		};
		5D036D232BF4B970008D2C7A /* PetBnBUITests */ = {
			isa = PBXGroup;
			children = (
				5D036D242BF4B970008D2C7A /* PetBnBUITests.swift */,
				5D036D262BF4B970008D2C7A /* PetBnBUITestsLaunchTests.swift */,
			);
			path = PetBnBUITests;
			sourceTree = "<group>";
		};
/* End PBXGroup section */

/* Begin PBXNativeTarget section */
		5D036D052BF4B96D008D2C7A /* PetBnB */ = {
			isa = PBXNativeTarget;
			buildConfigurationList = 5D036D2A2BF4B970008D2C7A /* Build configuration list for PBXNativeTarget "PetBnB" */;
			buildPhases = (
				5D036D022BF4B96D008D2C7A /* Sources */,
				5D036D032BF4B96D008D2C7A /* Frameworks */,
				5D036D042BF4B96D008D2C7A /* Resources */,
			);
			buildRules = (
			);
			dependencies = (
			);
			name = PetBnB;
			packageProductDependencies = (
				5D08B27C2BF628F000F41D38 /* FirebaseAuth */,
				5D08B27E2BF628F000F41D38 /* FirebaseFirestore */,
				5D08B2802BF628F000F41D38 /* FirebaseFirestoreSwift */,
			);
			productName = PetBnB;
			productReference = 5D036D062BF4B96D008D2C7A /* PetBnB.app */;
			productType = "com.apple.product-type.application";
		};
		5D036D152BF4B970008D2C7A /* PetBnBTests */ = {
			isa = PBXNativeTarget;
			buildConfigurationList = 5D036D2D2BF4B970008D2C7A /* Build configuration list for PBXNativeTarget "PetBnBTests" */;
			buildPhases = (
				5D036D122BF4B970008D2C7A /* Sources */,
				5D036D132BF4B970008D2C7A /* Frameworks */,
				5D036D142BF4B970008D2C7A /* Resources */,
			);
			buildRules = (
			);
			dependencies = (
				5D036D182BF4B970008D2C7A /* PBXTargetDependency */,
			);
			name = PetBnBTests;
			productName = PetBnBTests;
			productReference = 5D036D162BF4B970008D2C7A /* PetBnBTests.xctest */;
			productType = "com.apple.product-type.bundle.unit-test";
		};
		5D036D1F2BF4B970008D2C7A /* PetBnBUITests */ = {
			isa = PBXNativeTarget;
			buildConfigurationList = 5D036D302BF4B970008D2C7A /* Build configuration list for PBXNativeTarget "PetBnBUITests" */;
			buildPhases = (
				5D036D1C2BF4B970008D2C7A /* Sources */,
				5D036D1D2BF4B970008D2C7A /* Frameworks */,
				5D036D1E2BF4B970008D2C7A /* Resources */,
			);
			buildRules = (
			);
			dependencies = (
				5D036D222BF4B970008D2C7A /* PBXTargetDependency */,
			);
			name = PetBnBUITests;
			productName = PetBnBUITests;
			productReference = 5D036D202BF4B970008D2C7A /* PetBnBUITests.xctest */;
			productType = "com.apple.product-type.bundle.ui-testing";
		};
/* End PBXNativeTarget section */

/* Begin PBXProject section */
		5D036CFE2BF4B96D008D2C7A /* Project object */ = {
			isa = PBXProject;
			attributes = {
				BuildIndependentTargetsInParallel = 1;
				LastSwiftUpdateCheck = 1530;
				LastUpgradeCheck = 1530;
				TargetAttributes = {
					5D036D052BF4B96D008D2C7A = {
						CreatedOnToolsVersion = 15.3;
					};
					5D036D152BF4B970008D2C7A = {
						CreatedOnToolsVersion = 15.3;
						TestTargetID = 5D036D052BF4B96D008D2C7A;
					};
					5D036D1F2BF4B970008D2C7A = {
						CreatedOnToolsVersion = 15.3;
						TestTargetID = 5D036D052BF4B96D008D2C7A;
					};
				};
			};
			buildConfigurationList = 5D036D012BF4B96D008D2C7A /* Build configuration list for PBXProject "PetBnB" */;
			compatibilityVersion = "Xcode 14.0";
			developmentRegion = en;
			hasScannedForEncodings = 0;
			knownRegions = (
				en,
				Base,
			);
			mainGroup = 5D036CFD2BF4B96D008D2C7A;
			packageReferences = (
				5D08B27B2BF628F000F41D38 /* XCRemoteSwiftPackageReference "firebase-ios-sdk" */,
			);
			productRefGroup = 5D036D072BF4B96D008D2C7A /* Products */;
			projectDirPath = "";
			projectRoot = "";
			targets = (
				5D036D052BF4B96D008D2C7A /* PetBnB */,
				5D036D152BF4B970008D2C7A /* PetBnBTests */,
				5D036D1F2BF4B970008D2C7A /* PetBnBUITests */,
			);
		};
/* End PBXProject section */

/* Begin PBXResourcesBuildPhase section */
		5D036D042BF4B96D008D2C7A /* Resources */ = {
			isa = PBXResourcesBuildPhase;
			buildActionMask = 2147483647;
			files = (
				5D036D112BF4B970008D2C7A /* Preview Assets.xcassets in Resources */,
				5D036D0E2BF4B970008D2C7A /* Assets.xcassets in Resources */,
				5D08B2872BF62D5D00F41D38 /* GoogleService-Info.plist in Resources */,
			);
			runOnlyForDeploymentPostprocessing = 0;
		};
		5D036D142BF4B970008D2C7A /* Resources */ = {
			isa = PBXResourcesBuildPhase;
			buildActionMask = 2147483647;
			files = (
			);
			runOnlyForDeploymentPostprocessing = 0;
		};
		5D036D1E2BF4B970008D2C7A /* Resources */ = {
			isa = PBXResourcesBuildPhase;
			buildActionMask = 2147483647;
			files = (
			);
			runOnlyForDeploymentPostprocessing = 0;
		};
/* End PBXResourcesBuildPhase section */

/* Begin PBXSourcesBuildPhase section */
		5D036D022BF4B96D008D2C7A /* Sources */ = {
			isa = PBXSourcesBuildPhase;
			buildActionMask = 2147483647;
			files = (
				55CED72D2BFB508A0064EC52 /* HomeView.swift in Sources */,
				55CED72F2BFB736C0064EC52 /* AnimalInfo.swift in Sources */,
				5548ED932BFA966E00E4CBF2 /* ExploreView.swift in Sources */,
				5548ED972BFA968500E4CBF2 /* FavouritesView.swift in Sources */,
				55CED7332BFB83010064EC52 /* FilterBarView.swift in Sources */,
				5548ED8D2BFA963800E4CBF2 /* LogInViewModel.swift in Sources */,
				55CED7352BFB83260064EC52 /* HomeListView.swift in Sources */,
				5548EDB32BFA975400E4CBF2 /* MapView.swift in Sources */,
				5548ED8F2BFA965100E4CBF2 /* SignUpView.swift in Sources */,
				5548ED9B2BFA96A000E4CBF2 /* ChatView.swift in Sources */,
				5548EDA12BFA96EB00E4CBF2 /* ChatWindowView.swift in Sources */,
				5548EDAD2BFA973800E4CBF2 /* FirestoreUtils.swift in Sources */,
				5548EDAF2BFA974300E4CBF2 /* ExploreDetailsView.swift in Sources */,
				5548EDBC2BFA9EFB00E4CBF2 /* Message.swift in Sources */,
				5548EDA92BFA972000E4CBF2 /* AddHomeVIew.swift in Sources */,
				5548ED8B2BFA962D00E4CBF2 /* LogInView.swift in Sources */,
				5548EDB52BFA975D00E4CBF2 /* MapViewModel.swift in Sources */,
				5548EDA52BFA970700E4CBF2 /* ProfileView.swift in Sources */,
				5548ED952BFA967700E4CBF2 /* ExploreViewModel.swift in Sources */,
				5548EDA32BFA96FC00E4CBF2 /* ChatWindowViewModel.swift in Sources */,
				A904C6142BFCC68E004C0116 /* AnimalSectionView.swift in Sources */,
				55CED7312BFB82E90064EC52 /* SearchBarView.swift in Sources */,
				5548ED992BFA969800E4CBF2 /* FavourtiesViewModel.swift in Sources */,
				5D036D0C2BF4B96D008D2C7A /* ContentView.swift in Sources */,
				5548ED912BFA965C00E4CBF2 /* SignUpViewModel.swift in Sources */,
				5548ED9D2BFA96AC00E4CBF2 /* ChatViewModel.swift in Sources */,
				A904C6182BFCD2BB004C0116 /* HomeSectionView.swift in Sources */,
				5548EDA72BFA971500E4CBF2 /* ProfileVIewModel.swift in Sources */,
				5548EDB82BFA9EDE00E4CBF2 /* User.swift in Sources */,
				5D036D0A2BF4B96D008D2C7A /* PetBnBApp.swift in Sources */,
				5548EDBA2BFA9EE800E4CBF2 /* Home.swift in Sources */,
				5548EDB12BFA974D00E4CBF2 /* ExploreDetailsViewModel.swift in Sources */,
				5548EDAB2BFA972800E4CBF2 /* AddHomeViewModel.swift in Sources */,
			);
			runOnlyForDeploymentPostprocessing = 0;
		};
		5D036D122BF4B970008D2C7A /* Sources */ = {
			isa = PBXSourcesBuildPhase;
			buildActionMask = 2147483647;
			files = (
				5D036D1B2BF4B970008D2C7A /* PetBnBTests.swift in Sources */,
			);
			runOnlyForDeploymentPostprocessing = 0;
		};
		5D036D1C2BF4B970008D2C7A /* Sources */ = {
			isa = PBXSourcesBuildPhase;
			buildActionMask = 2147483647;
			files = (
				5D036D252BF4B970008D2C7A /* PetBnBUITests.swift in Sources */,
				5D036D272BF4B970008D2C7A /* PetBnBUITestsLaunchTests.swift in Sources */,
			);
			runOnlyForDeploymentPostprocessing = 0;
		};
/* End PBXSourcesBuildPhase section */

/* Begin PBXTargetDependency section */
		5D036D182BF4B970008D2C7A /* PBXTargetDependency */ = {
			isa = PBXTargetDependency;
			target = 5D036D052BF4B96D008D2C7A /* PetBnB */;
			targetProxy = 5D036D172BF4B970008D2C7A /* PBXContainerItemProxy */;
		};
		5D036D222BF4B970008D2C7A /* PBXTargetDependency */ = {
			isa = PBXTargetDependency;
			target = 5D036D052BF4B96D008D2C7A /* PetBnB */;
			targetProxy = 5D036D212BF4B970008D2C7A /* PBXContainerItemProxy */;
		};
/* End PBXTargetDependency section */

/* Begin XCBuildConfiguration section */
		5D036D282BF4B970008D2C7A /* Debug */ = {
			isa = XCBuildConfiguration;
			buildSettings = {
				ALWAYS_SEARCH_USER_PATHS = NO;
				ASSETCATALOG_COMPILER_GENERATE_SWIFT_ASSET_SYMBOL_EXTENSIONS = YES;
				CLANG_ANALYZER_NONNULL = YES;
				CLANG_ANALYZER_NUMBER_OBJECT_CONVERSION = YES_AGGRESSIVE;
				CLANG_CXX_LANGUAGE_STANDARD = "gnu++20";
				CLANG_ENABLE_MODULES = YES;
				CLANG_ENABLE_OBJC_ARC = YES;
				CLANG_ENABLE_OBJC_WEAK = YES;
				CLANG_WARN_BLOCK_CAPTURE_AUTORELEASING = YES;
				CLANG_WARN_BOOL_CONVERSION = YES;
				CLANG_WARN_COMMA = YES;
				CLANG_WARN_CONSTANT_CONVERSION = YES;
				CLANG_WARN_DEPRECATED_OBJC_IMPLEMENTATIONS = YES;
				CLANG_WARN_DIRECT_OBJC_ISA_USAGE = YES_ERROR;
				CLANG_WARN_DOCUMENTATION_COMMENTS = YES;
				CLANG_WARN_EMPTY_BODY = YES;
				CLANG_WARN_ENUM_CONVERSION = YES;
				CLANG_WARN_INFINITE_RECURSION = YES;
				CLANG_WARN_INT_CONVERSION = YES;
				CLANG_WARN_NON_LITERAL_NULL_CONVERSION = YES;
				CLANG_WARN_OBJC_IMPLICIT_RETAIN_SELF = YES;
				CLANG_WARN_OBJC_LITERAL_CONVERSION = YES;
				CLANG_WARN_OBJC_ROOT_CLASS = YES_ERROR;
				CLANG_WARN_QUOTED_INCLUDE_IN_FRAMEWORK_HEADER = YES;
				CLANG_WARN_RANGE_LOOP_ANALYSIS = YES;
				CLANG_WARN_STRICT_PROTOTYPES = YES;
				CLANG_WARN_SUSPICIOUS_MOVE = YES;
				CLANG_WARN_UNGUARDED_AVAILABILITY = YES_AGGRESSIVE;
				CLANG_WARN_UNREACHABLE_CODE = YES;
				CLANG_WARN__DUPLICATE_METHOD_MATCH = YES;
				COPY_PHASE_STRIP = NO;
				DEBUG_INFORMATION_FORMAT = dwarf;
				ENABLE_STRICT_OBJC_MSGSEND = YES;
				ENABLE_TESTABILITY = YES;
				ENABLE_USER_SCRIPT_SANDBOXING = YES;
				GCC_C_LANGUAGE_STANDARD = gnu17;
				GCC_DYNAMIC_NO_PIC = NO;
				GCC_NO_COMMON_BLOCKS = YES;
				GCC_OPTIMIZATION_LEVEL = 0;
				GCC_PREPROCESSOR_DEFINITIONS = (
					"DEBUG=1",
					"$(inherited)",
				);
				GCC_WARN_64_TO_32_BIT_CONVERSION = YES;
				GCC_WARN_ABOUT_RETURN_TYPE = YES_ERROR;
				GCC_WARN_UNDECLARED_SELECTOR = YES;
				GCC_WARN_UNINITIALIZED_AUTOS = YES_AGGRESSIVE;
				GCC_WARN_UNUSED_FUNCTION = YES;
				GCC_WARN_UNUSED_VARIABLE = YES;
				IPHONEOS_DEPLOYMENT_TARGET = 17.4;
				LOCALIZATION_PREFERS_STRING_CATALOGS = YES;
				MTL_ENABLE_DEBUG_INFO = INCLUDE_SOURCE;
				MTL_FAST_MATH = YES;
				ONLY_ACTIVE_ARCH = YES;
				SDKROOT = iphoneos;
				SWIFT_ACTIVE_COMPILATION_CONDITIONS = "DEBUG $(inherited)";
				SWIFT_OPTIMIZATION_LEVEL = "-Onone";
			};
			name = Debug;
		};
		5D036D292BF4B970008D2C7A /* Release */ = {
			isa = XCBuildConfiguration;
			buildSettings = {
				ALWAYS_SEARCH_USER_PATHS = NO;
				ASSETCATALOG_COMPILER_GENERATE_SWIFT_ASSET_SYMBOL_EXTENSIONS = YES;
				CLANG_ANALYZER_NONNULL = YES;
				CLANG_ANALYZER_NUMBER_OBJECT_CONVERSION = YES_AGGRESSIVE;
				CLANG_CXX_LANGUAGE_STANDARD = "gnu++20";
				CLANG_ENABLE_MODULES = YES;
				CLANG_ENABLE_OBJC_ARC = YES;
				CLANG_ENABLE_OBJC_WEAK = YES;
				CLANG_WARN_BLOCK_CAPTURE_AUTORELEASING = YES;
				CLANG_WARN_BOOL_CONVERSION = YES;
				CLANG_WARN_COMMA = YES;
				CLANG_WARN_CONSTANT_CONVERSION = YES;
				CLANG_WARN_DEPRECATED_OBJC_IMPLEMENTATIONS = YES;
				CLANG_WARN_DIRECT_OBJC_ISA_USAGE = YES_ERROR;
				CLANG_WARN_DOCUMENTATION_COMMENTS = YES;
				CLANG_WARN_EMPTY_BODY = YES;
				CLANG_WARN_ENUM_CONVERSION = YES;
				CLANG_WARN_INFINITE_RECURSION = YES;
				CLANG_WARN_INT_CONVERSION = YES;
				CLANG_WARN_NON_LITERAL_NULL_CONVERSION = YES;
				CLANG_WARN_OBJC_IMPLICIT_RETAIN_SELF = YES;
				CLANG_WARN_OBJC_LITERAL_CONVERSION = YES;
				CLANG_WARN_OBJC_ROOT_CLASS = YES_ERROR;
				CLANG_WARN_QUOTED_INCLUDE_IN_FRAMEWORK_HEADER = YES;
				CLANG_WARN_RANGE_LOOP_ANALYSIS = YES;
				CLANG_WARN_STRICT_PROTOTYPES = YES;
				CLANG_WARN_SUSPICIOUS_MOVE = YES;
				CLANG_WARN_UNGUARDED_AVAILABILITY = YES_AGGRESSIVE;
				CLANG_WARN_UNREACHABLE_CODE = YES;
				CLANG_WARN__DUPLICATE_METHOD_MATCH = YES;
				COPY_PHASE_STRIP = NO;
				DEBUG_INFORMATION_FORMAT = "dwarf-with-dsym";
				ENABLE_NS_ASSERTIONS = NO;
				ENABLE_STRICT_OBJC_MSGSEND = YES;
				ENABLE_USER_SCRIPT_SANDBOXING = YES;
				GCC_C_LANGUAGE_STANDARD = gnu17;
				GCC_NO_COMMON_BLOCKS = YES;
				GCC_WARN_64_TO_32_BIT_CONVERSION = YES;
				GCC_WARN_ABOUT_RETURN_TYPE = YES_ERROR;
				GCC_WARN_UNDECLARED_SELECTOR = YES;
				GCC_WARN_UNINITIALIZED_AUTOS = YES_AGGRESSIVE;
				GCC_WARN_UNUSED_FUNCTION = YES;
				GCC_WARN_UNUSED_VARIABLE = YES;
				IPHONEOS_DEPLOYMENT_TARGET = 17.4;
				LOCALIZATION_PREFERS_STRING_CATALOGS = YES;
				MTL_ENABLE_DEBUG_INFO = NO;
				MTL_FAST_MATH = YES;
				SDKROOT = iphoneos;
				SWIFT_COMPILATION_MODE = wholemodule;
				VALIDATE_PRODUCT = YES;
			};
			name = Release;
		};
		5D036D2B2BF4B970008D2C7A /* Debug */ = {
			isa = XCBuildConfiguration;
			buildSettings = {
				ASSETCATALOG_COMPILER_APPICON_NAME = AppIcon;
				ASSETCATALOG_COMPILER_GLOBAL_ACCENT_COLOR_NAME = AccentColor;
				CODE_SIGN_STYLE = Automatic;
				CURRENT_PROJECT_VERSION = 1;
				DEVELOPMENT_ASSET_PATHS = "\"PetBnB/Preview Content\"";
				ENABLE_PREVIEWS = YES;
				GENERATE_INFOPLIST_FILE = YES;
				INFOPLIST_KEY_UIApplicationSceneManifest_Generation = YES;
				INFOPLIST_KEY_UIApplicationSupportsIndirectInputEvents = YES;
				INFOPLIST_KEY_UILaunchScreen_Generation = YES;
				INFOPLIST_KEY_UISupportedInterfaceOrientations_iPad = "UIInterfaceOrientationPortrait UIInterfaceOrientationPortraitUpsideDown UIInterfaceOrientationLandscapeLeft UIInterfaceOrientationLandscapeRight";
				INFOPLIST_KEY_UISupportedInterfaceOrientations_iPhone = "UIInterfaceOrientationPortrait UIInterfaceOrientationLandscapeLeft UIInterfaceOrientationLandscapeRight";
				LD_RUNPATH_SEARCH_PATHS = (
					"$(inherited)",
					"@executable_path/Frameworks",
				);
				MARKETING_VERSION = 1.0;
				PRODUCT_BUNDLE_IDENTIFIER = com.example.PetBnB;
				PRODUCT_NAME = "$(TARGET_NAME)";
				SWIFT_EMIT_LOC_STRINGS = YES;
				SWIFT_VERSION = 5.0;
				TARGETED_DEVICE_FAMILY = "1,2";
			};
			name = Debug;
		};
		5D036D2C2BF4B970008D2C7A /* Release */ = {
			isa = XCBuildConfiguration;
			buildSettings = {
				ASSETCATALOG_COMPILER_APPICON_NAME = AppIcon;
				ASSETCATALOG_COMPILER_GLOBAL_ACCENT_COLOR_NAME = AccentColor;
				CODE_SIGN_STYLE = Automatic;
				CURRENT_PROJECT_VERSION = 1;
				DEVELOPMENT_ASSET_PATHS = "\"PetBnB/Preview Content\"";
				ENABLE_PREVIEWS = YES;
				GENERATE_INFOPLIST_FILE = YES;
				INFOPLIST_KEY_UIApplicationSceneManifest_Generation = YES;
				INFOPLIST_KEY_UIApplicationSupportsIndirectInputEvents = YES;
				INFOPLIST_KEY_UILaunchScreen_Generation = YES;
				INFOPLIST_KEY_UISupportedInterfaceOrientations_iPad = "UIInterfaceOrientationPortrait UIInterfaceOrientationPortraitUpsideDown UIInterfaceOrientationLandscapeLeft UIInterfaceOrientationLandscapeRight";
				INFOPLIST_KEY_UISupportedInterfaceOrientations_iPhone = "UIInterfaceOrientationPortrait UIInterfaceOrientationLandscapeLeft UIInterfaceOrientationLandscapeRight";
				LD_RUNPATH_SEARCH_PATHS = (
					"$(inherited)",
					"@executable_path/Frameworks",
				);
				MARKETING_VERSION = 1.0;
				PRODUCT_BUNDLE_IDENTIFIER = com.example.PetBnB;
				PRODUCT_NAME = "$(TARGET_NAME)";
				SWIFT_EMIT_LOC_STRINGS = YES;
				SWIFT_VERSION = 5.0;
				TARGETED_DEVICE_FAMILY = "1,2";
			};
			name = Release;
		};
		5D036D2E2BF4B970008D2C7A /* Debug */ = {
			isa = XCBuildConfiguration;
			buildSettings = {
				ALWAYS_EMBED_SWIFT_STANDARD_LIBRARIES = YES;
				BUNDLE_LOADER = "$(TEST_HOST)";
				CODE_SIGN_STYLE = Automatic;
				CURRENT_PROJECT_VERSION = 1;
				GENERATE_INFOPLIST_FILE = YES;
				IPHONEOS_DEPLOYMENT_TARGET = 17.4;
				MARKETING_VERSION = 1.0;
				PRODUCT_BUNDLE_IDENTIFIER = com.example.PetBnBTests;
				PRODUCT_NAME = "$(TARGET_NAME)";
				SWIFT_EMIT_LOC_STRINGS = NO;
				SWIFT_VERSION = 5.0;
				TARGETED_DEVICE_FAMILY = "1,2";
				TEST_HOST = "$(BUILT_PRODUCTS_DIR)/PetBnB.app/$(BUNDLE_EXECUTABLE_FOLDER_PATH)/PetBnB";
			};
			name = Debug;
		};
		5D036D2F2BF4B970008D2C7A /* Release */ = {
			isa = XCBuildConfiguration;
			buildSettings = {
				ALWAYS_EMBED_SWIFT_STANDARD_LIBRARIES = YES;
				BUNDLE_LOADER = "$(TEST_HOST)";
				CODE_SIGN_STYLE = Automatic;
				CURRENT_PROJECT_VERSION = 1;
				GENERATE_INFOPLIST_FILE = YES;
				IPHONEOS_DEPLOYMENT_TARGET = 17.4;
				MARKETING_VERSION = 1.0;
				PRODUCT_BUNDLE_IDENTIFIER = com.example.PetBnBTests;
				PRODUCT_NAME = "$(TARGET_NAME)";
				SWIFT_EMIT_LOC_STRINGS = NO;
				SWIFT_VERSION = 5.0;
				TARGETED_DEVICE_FAMILY = "1,2";
				TEST_HOST = "$(BUILT_PRODUCTS_DIR)/PetBnB.app/$(BUNDLE_EXECUTABLE_FOLDER_PATH)/PetBnB";
			};
			name = Release;
		};
		5D036D312BF4B970008D2C7A /* Debug */ = {
			isa = XCBuildConfiguration;
			buildSettings = {
				ALWAYS_EMBED_SWIFT_STANDARD_LIBRARIES = YES;
				CODE_SIGN_STYLE = Automatic;
				CURRENT_PROJECT_VERSION = 1;
				GENERATE_INFOPLIST_FILE = YES;
				MARKETING_VERSION = 1.0;
				PRODUCT_BUNDLE_IDENTIFIER = com.example.PetBnBUITests;
				PRODUCT_NAME = "$(TARGET_NAME)";
				SWIFT_EMIT_LOC_STRINGS = NO;
				SWIFT_VERSION = 5.0;
				TARGETED_DEVICE_FAMILY = "1,2";
				TEST_TARGET_NAME = PetBnB;
			};
			name = Debug;
		};
		5D036D322BF4B970008D2C7A /* Release */ = {
			isa = XCBuildConfiguration;
			buildSettings = {
				ALWAYS_EMBED_SWIFT_STANDARD_LIBRARIES = YES;
				CODE_SIGN_STYLE = Automatic;
				CURRENT_PROJECT_VERSION = 1;
				GENERATE_INFOPLIST_FILE = YES;
				MARKETING_VERSION = 1.0;
				PRODUCT_BUNDLE_IDENTIFIER = com.example.PetBnBUITests;
				PRODUCT_NAME = "$(TARGET_NAME)";
				SWIFT_EMIT_LOC_STRINGS = NO;
				SWIFT_VERSION = 5.0;
				TARGETED_DEVICE_FAMILY = "1,2";
				TEST_TARGET_NAME = PetBnB;
			};
			name = Release;
		};
/* End XCBuildConfiguration section */

/* Begin XCConfigurationList section */
		5D036D012BF4B96D008D2C7A /* Build configuration list for PBXProject "PetBnB" */ = {
			isa = XCConfigurationList;
			buildConfigurations = (
				5D036D282BF4B970008D2C7A /* Debug */,
				5D036D292BF4B970008D2C7A /* Release */,
			);
			defaultConfigurationIsVisible = 0;
			defaultConfigurationName = Release;
		};
		5D036D2A2BF4B970008D2C7A /* Build configuration list for PBXNativeTarget "PetBnB" */ = {
			isa = XCConfigurationList;
			buildConfigurations = (
				5D036D2B2BF4B970008D2C7A /* Debug */,
				5D036D2C2BF4B970008D2C7A /* Release */,
			);
			defaultConfigurationIsVisible = 0;
			defaultConfigurationName = Release;
		};
		5D036D2D2BF4B970008D2C7A /* Build configuration list for PBXNativeTarget "PetBnBTests" */ = {
			isa = XCConfigurationList;
			buildConfigurations = (
				5D036D2E2BF4B970008D2C7A /* Debug */,
				5D036D2F2BF4B970008D2C7A /* Release */,
			);
			defaultConfigurationIsVisible = 0;
			defaultConfigurationName = Release;
		};
		5D036D302BF4B970008D2C7A /* Build configuration list for PBXNativeTarget "PetBnBUITests" */ = {
			isa = XCConfigurationList;
			buildConfigurations = (
				5D036D312BF4B970008D2C7A /* Debug */,
				5D036D322BF4B970008D2C7A /* Release */,
			);
			defaultConfigurationIsVisible = 0;
			defaultConfigurationName = Release;
		};
/* End XCConfigurationList section */

/* Begin XCRemoteSwiftPackageReference section */
		5D08B27B2BF628F000F41D38 /* XCRemoteSwiftPackageReference "firebase-ios-sdk" */ = {
			isa = XCRemoteSwiftPackageReference;
			repositoryURL = "https://github.com/firebase/firebase-ios-sdk";
			requirement = {
				kind = upToNextMajorVersion;
				minimumVersion = 10.26.0;
			};
		};
/* End XCRemoteSwiftPackageReference section */

/* Begin XCSwiftPackageProductDependency section */
		5D08B27C2BF628F000F41D38 /* FirebaseAuth */ = {
			isa = XCSwiftPackageProductDependency;
			package = 5D08B27B2BF628F000F41D38 /* XCRemoteSwiftPackageReference "firebase-ios-sdk" */;
			productName = FirebaseAuth;
		};
		5D08B27E2BF628F000F41D38 /* FirebaseFirestore */ = {
			isa = XCSwiftPackageProductDependency;
			package = 5D08B27B2BF628F000F41D38 /* XCRemoteSwiftPackageReference "firebase-ios-sdk" */;
			productName = FirebaseFirestore;
		};
		5D08B2802BF628F000F41D38 /* FirebaseFirestoreSwift */ = {
			isa = XCSwiftPackageProductDependency;
			package = 5D08B27B2BF628F000F41D38 /* XCRemoteSwiftPackageReference "firebase-ios-sdk" */;
			productName = FirebaseFirestoreSwift;
		};
/* End XCSwiftPackageProductDependency section */
	};
	rootObject = 5D036CFE2BF4B96D008D2C7A /* Project object */;
}
